# THIS IS AN AUTOGENERATED FILE. DO NOT EDIT THIS FILE DIRECTLY.
# yarn lockfile v1


node-datetime@^2.1.2:
  version "2.1.2"
  resolved "https://registry.yarnpkg.com/node-datetime/-/node-datetime-2.1.2.tgz#657962039f88a87a94e26c2f65c88f278953f697"
  integrity sha512-eev1F0IPKSu3zvASMtH8ic4znGpfXdq9yc8yc/EVx6bk57u7bS2iZKVZ8ll1ZeH/IEQ3qFb04FB70PCNXSIp4w==
